
Microsoft Visual Studio Solution File, Format Version 12.00
# Visual Studio 14
VisualStudioVersion = 14.0.24720.0
MinimumVisualStudioVersion = 10.0.40219.1
Project("{8BC9CEB8-8B4A-11D0-8D11-00A0C91BC942}") = "dtcInterfaceLib", "dtcInterfaceLib.vcxproj", "{B69C016D-4F3C-4892-BEF9-C230238452B7}"
EndProject
Project("{9092AA53-FB77-4645-B42D-1CCCA6BD08BD}") = "Web", "Web.njsproj", "{C9836B29-39F2-4519-BD61-1F9548EFFDC3}"
EndProject
Project("{8BC9CEB8-8B4A-11D0-8D11-00A0C91BC942}") = "DTCRegDump", "DTCRegDump.vcxproj", "{B5BD14F6-269E-4169-9E60-3C267E1BFD72}"
	ProjectSection(ProjectDependencies) = postProject
		{B69C016D-4F3C-4892-BEF9-C230238452B7} = {B69C016D-4F3C-4892-BEF9-C230238452B7}
	EndProjectSection
EndProject
Project("{8BC9CEB8-8B4A-11D0-8D11-00A0C91BC942}") = "DTCLibTest", "DTCLibTest.vcxproj", "{4509B34A-84F8-4218-A55D-A6CB7F1BC9AD}"
	ProjectSection(ProjectDependencies) = postProject
		{B69C016D-4F3C-4892-BEF9-C230238452B7} = {B69C016D-4F3C-4892-BEF9-C230238452B7}
	EndProjectSection
EndProject
Project("{8BC9CEB8-8B4A-11D0-8D11-00A0C91BC942}") = "util", "util.vcxproj", "{26C9B9E8-C4D8-412E-9825-F26408B80412}"
	ProjectSection(ProjectDependencies) = postProject
		{B69C016D-4F3C-4892-BEF9-C230238452B7} = {B69C016D-4F3C-4892-BEF9-C230238452B7}
	EndProjectSection
EndProject
Project("{8BC9CEB8-8B4A-11D0-8D11-00A0C91BC942}") = "requestSender", "requestSender.vcxproj", "{C832EF6F-E926-4389-A299-7BC1FDF0B2BC}"
EndProject
Project("{8BC9CEB8-8B4A-11D0-8D11-00A0C91BC942}") = "dcs", "dcs.vcxproj", "{B8F17BD1-91E9-4367-872D-8EE955BABA24}"
EndProject
Project("{8BC9CEB8-8B4A-11D0-8D11-00A0C91BC942}") = "tester", "tester.vcxproj", "{8FD9F9A9-B1CE-4CE4-8931-B2ED7A0DCCEC}"
	ProjectSection(ProjectDependencies) = postProject
		{B69C016D-4F3C-4892-BEF9-C230238452B7} = {B69C016D-4F3C-4892-BEF9-C230238452B7}
	EndProjectSection
EndProject
Global
	GlobalSection(Performance) = preSolution
		HasPerformanceSessions = true
	EndGlobalSection
	GlobalSection(SolutionConfigurationPlatforms) = preSolution
		Debug|Win32 = Debug|Win32
		Debug|x64 = Debug|x64
		Release|Win32 = Release|Win32
		Release|x64 = Release|x64
	EndGlobalSection
	GlobalSection(ProjectConfigurationPlatforms) = postSolution
		{B69C016D-4F3C-4892-BEF9-C230238452B7}.Debug|Win32.ActiveCfg = Debug|Win32
		{B69C016D-4F3C-4892-BEF9-C230238452B7}.Debug|Win32.Build.0 = Debug|Win32
		{B69C016D-4F3C-4892-BEF9-C230238452B7}.Debug|x64.ActiveCfg = Debug|x64
		{B69C016D-4F3C-4892-BEF9-C230238452B7}.Debug|x64.Build.0 = Debug|x64
		{B69C016D-4F3C-4892-BEF9-C230238452B7}.Release|Win32.ActiveCfg = Release|Win32
		{B69C016D-4F3C-4892-BEF9-C230238452B7}.Release|Win32.Build.0 = Release|Win32
		{B69C016D-4F3C-4892-BEF9-C230238452B7}.Release|x64.ActiveCfg = Release|x64
		{B69C016D-4F3C-4892-BEF9-C230238452B7}.Release|x64.Build.0 = Release|x64
		{C9836B29-39F2-4519-BD61-1F9548EFFDC3}.Debug|Win32.ActiveCfg = Debug|Any CPU
		{C9836B29-39F2-4519-BD61-1F9548EFFDC3}.Debug|Win32.Build.0 = Debug|Any CPU
		{C9836B29-39F2-4519-BD61-1F9548EFFDC3}.Debug|x64.ActiveCfg = Debug|Any CPU
		{C9836B29-39F2-4519-BD61-1F9548EFFDC3}.Debug|x64.Build.0 = Debug|Any CPU
		{C9836B29-39F2-4519-BD61-1F9548EFFDC3}.Release|Win32.ActiveCfg = Release|Any CPU
		{C9836B29-39F2-4519-BD61-1F9548EFFDC3}.Release|Win32.Build.0 = Release|Any CPU
		{C9836B29-39F2-4519-BD61-1F9548EFFDC3}.Release|x64.ActiveCfg = Release|Any CPU
		{C9836B29-39F2-4519-BD61-1F9548EFFDC3}.Release|x64.Build.0 = Release|Any CPU
		{B5BD14F6-269E-4169-9E60-3C267E1BFD72}.Debug|Win32.ActiveCfg = Debug|Win32
		{B5BD14F6-269E-4169-9E60-3C267E1BFD72}.Debug|Win32.Build.0 = Debug|Win32
		{B5BD14F6-269E-4169-9E60-3C267E1BFD72}.Debug|x64.ActiveCfg = Debug|x64
		{B5BD14F6-269E-4169-9E60-3C267E1BFD72}.Debug|x64.Build.0 = Debug|x64
		{B5BD14F6-269E-4169-9E60-3C267E1BFD72}.Release|Win32.ActiveCfg = Release|Win32
		{B5BD14F6-269E-4169-9E60-3C267E1BFD72}.Release|Win32.Build.0 = Release|Win32
		{B5BD14F6-269E-4169-9E60-3C267E1BFD72}.Release|x64.ActiveCfg = Release|x64
		{B5BD14F6-269E-4169-9E60-3C267E1BFD72}.Release|x64.Build.0 = Release|x64
		{4509B34A-84F8-4218-A55D-A6CB7F1BC9AD}.Debug|Win32.ActiveCfg = Debug|Win32
		{4509B34A-84F8-4218-A55D-A6CB7F1BC9AD}.Debug|Win32.Build.0 = Debug|Win32
		{4509B34A-84F8-4218-A55D-A6CB7F1BC9AD}.Debug|x64.ActiveCfg = Debug|x64
		{4509B34A-84F8-4218-A55D-A6CB7F1BC9AD}.Debug|x64.Build.0 = Debug|x64
		{4509B34A-84F8-4218-A55D-A6CB7F1BC9AD}.Release|Win32.ActiveCfg = Release|Win32
		{4509B34A-84F8-4218-A55D-A6CB7F1BC9AD}.Release|Win32.Build.0 = Release|Win32
		{4509B34A-84F8-4218-A55D-A6CB7F1BC9AD}.Release|x64.ActiveCfg = Release|x64
		{4509B34A-84F8-4218-A55D-A6CB7F1BC9AD}.Release|x64.Build.0 = Release|x64
		{26C9B9E8-C4D8-412E-9825-F26408B80412}.Debug|Win32.ActiveCfg = Debug|Win32
		{26C9B9E8-C4D8-412E-9825-F26408B80412}.Debug|Win32.Build.0 = Debug|Win32
		{26C9B9E8-C4D8-412E-9825-F26408B80412}.Debug|x64.ActiveCfg = Debug|x64
		{26C9B9E8-C4D8-412E-9825-F26408B80412}.Debug|x64.Build.0 = Debug|x64
		{26C9B9E8-C4D8-412E-9825-F26408B80412}.Release|Win32.ActiveCfg = Release|Win32
		{26C9B9E8-C4D8-412E-9825-F26408B80412}.Release|Win32.Build.0 = Release|Win32
		{26C9B9E8-C4D8-412E-9825-F26408B80412}.Release|x64.ActiveCfg = Release|x64
		{26C9B9E8-C4D8-412E-9825-F26408B80412}.Release|x64.Build.0 = Release|x64
		{C832EF6F-E926-4389-A299-7BC1FDF0B2BC}.Debug|Win32.ActiveCfg = Debug|Win32
		{C832EF6F-E926-4389-A299-7BC1FDF0B2BC}.Debug|Win32.Build.0 = Debug|Win32
		{C832EF6F-E926-4389-A299-7BC1FDF0B2BC}.Debug|x64.ActiveCfg = Debug|x64
		{C832EF6F-E926-4389-A299-7BC1FDF0B2BC}.Debug|x64.Build.0 = Debug|x64
		{C832EF6F-E926-4389-A299-7BC1FDF0B2BC}.Release|Win32.ActiveCfg = Release|Win32
		{C832EF6F-E926-4389-A299-7BC1FDF0B2BC}.Release|Win32.Build.0 = Release|Win32
		{C832EF6F-E926-4389-A299-7BC1FDF0B2BC}.Release|x64.ActiveCfg = Release|x64
		{C832EF6F-E926-4389-A299-7BC1FDF0B2BC}.Release|x64.Build.0 = Release|x64
		{B8F17BD1-91E9-4367-872D-8EE955BABA24}.Debug|Win32.ActiveCfg = Debug|Win32
		{B8F17BD1-91E9-4367-872D-8EE955BABA24}.Debug|Win32.Build.0 = Debug|Win32
		{B8F17BD1-91E9-4367-872D-8EE955BABA24}.Debug|x64.ActiveCfg = Debug|x64
		{B8F17BD1-91E9-4367-872D-8EE955BABA24}.Debug|x64.Build.0 = Debug|x64
		{B8F17BD1-91E9-4367-872D-8EE955BABA24}.Release|Win32.ActiveCfg = Release|Win32
		{B8F17BD1-91E9-4367-872D-8EE955BABA24}.Release|Win32.Build.0 = Release|Win32
		{B8F17BD1-91E9-4367-872D-8EE955BABA24}.Release|x64.ActiveCfg = Release|x64
		{B8F17BD1-91E9-4367-872D-8EE955BABA24}.Release|x64.Build.0 = Release|x64
		{8FD9F9A9-B1CE-4CE4-8931-B2ED7A0DCCEC}.Debug|Win32.ActiveCfg = Debug|Win32
		{8FD9F9A9-B1CE-4CE4-8931-B2ED7A0DCCEC}.Debug|Win32.Build.0 = Debug|Win32
		{8FD9F9A9-B1CE-4CE4-8931-B2ED7A0DCCEC}.Debug|x64.ActiveCfg = Debug|x64
		{8FD9F9A9-B1CE-4CE4-8931-B2ED7A0DCCEC}.Debug|x64.Build.0 = Debug|x64
		{8FD9F9A9-B1CE-4CE4-8931-B2ED7A0DCCEC}.Release|Win32.ActiveCfg = Release|Win32
		{8FD9F9A9-B1CE-4CE4-8931-B2ED7A0DCCEC}.Release|Win32.Build.0 = Release|Win32
		{8FD9F9A9-B1CE-4CE4-8931-B2ED7A0DCCEC}.Release|x64.ActiveCfg = Release|x64
		{8FD9F9A9-B1CE-4CE4-8931-B2ED7A0DCCEC}.Release|x64.Build.0 = Release|x64
	EndGlobalSection
	GlobalSection(SolutionProperties) = preSolution
		HideSolutionNode = FALSE
	EndGlobalSection
EndGlobal
