<?xml version="1.0" encoding="utf-8"?>
<Project ToolsVersion="14.0" xmlns="http://schemas.microsoft.com/developer/msbuild/2003">
  <ItemGroup>
    <ClCompile Include="..\..\linux_driver\mymodule2\mu2e_event.c">
      <Filter>Source Files</Filter>
    </ClCompile>
    <ClCompile Include="..\..\linux_driver\mymodule2\mu2e_fs.c">
      <Filter>Source Files</Filter>
    </ClCompile>
    <ClCompile Include="..\..\linux_driver\mymodule2\mu2e_main.c">
      <Filter>Source Files</Filter>
    </ClCompile>
    <ClCompile Include="..\..\linux_driver\mymodule2\mu2e_pci.c">
      <Filter>Source Files</Filter>
    </ClCompile>
  </ItemGroup>
  <ItemGroup>
    <ClInclude Include="..\..\linux_driver\mymodule2\mu2e_event.h">
      <Filter>Header Files</Filter>
    </ClInclude>
    <ClInclude Include="..\..\linux_driver\mymodule2\mu2e_fs.h">
      <Filter>Header Files</Filter>
    </ClInclude>
    <ClInclude Include="..\..\linux_driver\mymodule2\mu2e_mmap_ioctl.h">
      <Filter>Header Files</Filter>
    </ClInclude>
    <ClInclude Include="..\..\linux_driver\mymodule2\mu2e_pci.h">
      <Filter>Header Files</Filter>
    </ClInclude>
    <ClInclude Include="..\..\linux_driver\mymodule2\mu2e_proto_globals.h">
      <Filter>Header Files</Filter>
    </ClInclude>
    <ClInclude Include="..\..\linux_driver\mymodule2\xdma_hw.h">
      <Filter>Header Files</Filter>
    </ClInclude>
  </ItemGroup>
  <ItemGroup>
    <Filter Include="Source Files">
      <UniqueIdentifier>{96313af5-3c94-4894-a800-9646d5dfdda9}</UniqueIdentifier>
    </Filter>
    <Filter Include="Header Files">
      <UniqueIdentifier>{ff15d207-9d29-4611-a9fa-1a0cc5900923}</UniqueIdentifier>
    </Filter>
  </ItemGroup>
</Project>